
Microsoft Visual Studio Solution File, Format Version 12.00
# Visual Studio 15
VisualStudioVersion = 15.0.28307.329
MinimumVisualStudioVersion = 10.0.40219.1
Project("{FAE04EC0-301F-11D3-BF4B-00C04F79EFBC}") = "Unit Converter", "Unit Converter\Unit Converter.csproj", "{D25D9CBF-3DE1-41BE-A100-CEB97F76E2E0}"
EndProject
Global
	GlobalSection(SolutionConfigurationPlatforms) = preSolution
		Debug|Any CPU = Debug|Any CPU
		Release|Any CPU = Release|Any CPU
	EndGlobalSection
	GlobalSection(ProjectConfigurationPlatforms) = postSolution
		{D25D9CBF-3DE1-41BE-A100-CEB97F76E2E0}.Debug|Any CPU.ActiveCfg = Debug|Any CPU
		{D25D9CBF-3DE1-41BE-A100-CEB97F76E2E0}.Debug|Any CPU.Build.0 = Debug|Any CPU
		{D25D9CBF-3DE1-41BE-A100-CEB97F76E2E0}.Release|Any CPU.ActiveCfg = Release|Any CPU
		{D25D9CBF-3DE1-41BE-A100-CEB97F76E2E0}.Release|Any CPU.Build.0 = Release|Any CPU
	EndGlobalSection
	GlobalSection(SolutionProperties) = preSolution
		HideSolutionNode = FALSE
	EndGlobalSection
	GlobalSection(ExtensibilityGlobals) = postSolution
		SolutionGuid = {26AA6227-893B-42A9-9955-FB491FE97439}
	EndGlobalSection
EndGlobal
